// !$*UTF8*$!
{
	archiveVersion = 1;
	classes = {
	};
	objectVersion = 51;
	objects = {

/* Begin PBXBuildFile section */
		380E12D0C2E32D217B7EAA46 /* Pods_WeatherlyUITests.framework in Frameworks */ = {isa = PBXBuildFile; fileRef = 4FC5F53010FAA106D454A83E /* Pods_WeatherlyUITests.framework */; };
		48968CF7CEDFBCDDBC8968D8 /* Pods_Weatherly.framework in Frameworks */ = {isa = PBXBuildFile; fileRef = 61CD21AD38713CDF86747056 /* Pods_Weatherly.framework */; };
		A13C4A9122BB2CD1007AB3E9 /* AppDelegate.swift in Sources */ = {isa = PBXBuildFile; fileRef = A13C4A9022BB2CD1007AB3E9 /* AppDelegate.swift */; };
		A13C4A9322BB2CD1007AB3E9 /* SceneDelegate.swift in Sources */ = {isa = PBXBuildFile; fileRef = A13C4A9222BB2CD1007AB3E9 /* SceneDelegate.swift */; };
		A13C4A9522BB2CD1007AB3E9 /* ContentView.swift in Sources */ = {isa = PBXBuildFile; fileRef = A13C4A9422BB2CD1007AB3E9 /* ContentView.swift */; };
		A13C4A9722BB2CD2007AB3E9 /* Assets.xcassets in Resources */ = {isa = PBXBuildFile; fileRef = A13C4A9622BB2CD2007AB3E9 /* Assets.xcassets */; };
		A13C4A9A22BB2CD2007AB3E9 /* Preview Assets.xcassets in Resources */ = {isa = PBXBuildFile; fileRef = A13C4A9922BB2CD2007AB3E9 /* Preview Assets.xcassets */; };
		A13C4A9D22BB2CD2007AB3E9 /* LaunchScreen.storyboard in Resources */ = {isa = PBXBuildFile; fileRef = A13C4A9B22BB2CD2007AB3E9 /* LaunchScreen.storyboard */; };
		A13C4AA822BB2CD2007AB3E9 /* WeatherlyTests.swift in Sources */ = {isa = PBXBuildFile; fileRef = A13C4AA722BB2CD2007AB3E9 /* WeatherlyTests.swift */; };
		A13C4AB322BB2CD2007AB3E9 /* WeatherlyUITests.swift in Sources */ = {isa = PBXBuildFile; fileRef = A13C4AB222BB2CD2007AB3E9 /* WeatherlyUITests.swift */; };
		A13C4ACA22BB36F0007AB3E9 /* City.swift in Sources */ = {isa = PBXBuildFile; fileRef = A13C4AC922BB36F0007AB3E9 /* City.swift */; };
		A13C4AD622BB4266007AB3E9 /* city.list.json in Resources */ = {isa = PBXBuildFile; fileRef = A13C4AD522BB4266007AB3E9 /* city.list.json */; };
		A13C4AD922BB42AE007AB3E9 /* CityService.swift in Sources */ = {isa = PBXBuildFile; fileRef = A13C4AD822BB42AE007AB3E9 /* CityService.swift */; };
		A13C4ADC22BB433A007AB3E9 /* CityListViewModel.swift in Sources */ = {isa = PBXBuildFile; fileRef = A13C4ADB22BB433A007AB3E9 /* CityListViewModel.swift */; };
		A96B4F1CDFD20E03AEA741E3 /* Pods_WeatherlyTests.framework in Frameworks */ = {isa = PBXBuildFile; fileRef = 4F783695254A961525455863 /* Pods_WeatherlyTests.framework */; };
/* End PBXBuildFile section */

/* Begin PBXContainerItemProxy section */
		A13C4AA422BB2CD2007AB3E9 /* PBXContainerItemProxy */ = {
			isa = PBXContainerItemProxy;
			containerPortal = A13C4A8522BB2CD1007AB3E9 /* Project object */;
			proxyType = 1;
			remoteGlobalIDString = A13C4A8C22BB2CD1007AB3E9;
			remoteInfo = Weatherly;
		};
		A13C4AAF22BB2CD2007AB3E9 /* PBXContainerItemProxy */ = {
			isa = PBXContainerItemProxy;
			containerPortal = A13C4A8522BB2CD1007AB3E9 /* Project object */;
			proxyType = 1;
			remoteGlobalIDString = A13C4A8C22BB2CD1007AB3E9;
			remoteInfo = Weatherly;
		};
/* End PBXContainerItemProxy section */

/* Begin PBXFileReference section */
		216A01AC43863A5CA3F0DB09 /* Pods-WeatherlyTests.release.xcconfig */ = {isa = PBXFileReference; includeInIndex = 1; lastKnownFileType = text.xcconfig; name = "Pods-WeatherlyTests.release.xcconfig"; path = "Target Support Files/Pods-WeatherlyTests/Pods-WeatherlyTests.release.xcconfig"; sourceTree = "<group>"; };
		4F783695254A961525455863 /* Pods_WeatherlyTests.framework */ = {isa = PBXFileReference; explicitFileType = wrapper.framework; includeInIndex = 0; path = Pods_WeatherlyTests.framework; sourceTree = BUILT_PRODUCTS_DIR; };
		4FC5F53010FAA106D454A83E /* Pods_WeatherlyUITests.framework */ = {isa = PBXFileReference; explicitFileType = wrapper.framework; includeInIndex = 0; path = Pods_WeatherlyUITests.framework; sourceTree = BUILT_PRODUCTS_DIR; };
		52BC014A1EF9B4934BD4D9AA /* Pods-Weatherly.debug.xcconfig */ = {isa = PBXFileReference; includeInIndex = 1; lastKnownFileType = text.xcconfig; name = "Pods-Weatherly.debug.xcconfig"; path = "Target Support Files/Pods-Weatherly/Pods-Weatherly.debug.xcconfig"; sourceTree = "<group>"; };
		5D19CEF48C4230D7775BC1FC /* Pods-WeatherlyTests.debug.xcconfig */ = {isa = PBXFileReference; includeInIndex = 1; lastKnownFileType = text.xcconfig; name = "Pods-WeatherlyTests.debug.xcconfig"; path = "Target Support Files/Pods-WeatherlyTests/Pods-WeatherlyTests.debug.xcconfig"; sourceTree = "<group>"; };
		61CD21AD38713CDF86747056 /* Pods_Weatherly.framework */ = {isa = PBXFileReference; explicitFileType = wrapper.framework; includeInIndex = 0; path = Pods_Weatherly.framework; sourceTree = BUILT_PRODUCTS_DIR; };
		85C81011EC45E1AD8D5B231E /* Pods-Weatherly.release.xcconfig */ = {isa = PBXFileReference; includeInIndex = 1; lastKnownFileType = text.xcconfig; name = "Pods-Weatherly.release.xcconfig"; path = "Target Support Files/Pods-Weatherly/Pods-Weatherly.release.xcconfig"; sourceTree = "<group>"; };
		A13C4A8D22BB2CD1007AB3E9 /* Weatherly.app */ = {isa = PBXFileReference; explicitFileType = wrapper.application; includeInIndex = 0; path = Weatherly.app; sourceTree = BUILT_PRODUCTS_DIR; };
		A13C4A9022BB2CD1007AB3E9 /* AppDelegate.swift */ = {isa = PBXFileReference; lastKnownFileType = sourcecode.swift; path = AppDelegate.swift; sourceTree = "<group>"; };
		A13C4A9222BB2CD1007AB3E9 /* SceneDelegate.swift */ = {isa = PBXFileReference; lastKnownFileType = sourcecode.swift; path = SceneDelegate.swift; sourceTree = "<group>"; };
		A13C4A9422BB2CD1007AB3E9 /* ContentView.swift */ = {isa = PBXFileReference; lastKnownFileType = sourcecode.swift; path = ContentView.swift; sourceTree = "<group>"; };
		A13C4A9622BB2CD2007AB3E9 /* Assets.xcassets */ = {isa = PBXFileReference; lastKnownFileType = folder.assetcatalog; path = Assets.xcassets; sourceTree = "<group>"; };
		A13C4A9922BB2CD2007AB3E9 /* Preview Assets.xcassets */ = {isa = PBXFileReference; lastKnownFileType = folder.assetcatalog; path = "Preview Assets.xcassets"; sourceTree = "<group>"; };
		A13C4A9C22BB2CD2007AB3E9 /* Base */ = {isa = PBXFileReference; lastKnownFileType = file.storyboard; name = Base; path = Base.lproj/LaunchScreen.storyboard; sourceTree = "<group>"; };
		A13C4A9E22BB2CD2007AB3E9 /* Info.plist */ = {isa = PBXFileReference; lastKnownFileType = text.plist.xml; path = Info.plist; sourceTree = "<group>"; };
		A13C4AA322BB2CD2007AB3E9 /* WeatherlyTests.xctest */ = {isa = PBXFileReference; explicitFileType = wrapper.cfbundle; includeInIndex = 0; path = WeatherlyTests.xctest; sourceTree = BUILT_PRODUCTS_DIR; };
		A13C4AA722BB2CD2007AB3E9 /* WeatherlyTests.swift */ = {isa = PBXFileReference; lastKnownFileType = sourcecode.swift; path = WeatherlyTests.swift; sourceTree = "<group>"; };
		A13C4AA922BB2CD2007AB3E9 /* Info.plist */ = {isa = PBXFileReference; lastKnownFileType = text.plist.xml; path = Info.plist; sourceTree = "<group>"; };
		A13C4AAE22BB2CD2007AB3E9 /* WeatherlyUITests.xctest */ = {isa = PBXFileReference; explicitFileType = wrapper.cfbundle; includeInIndex = 0; path = WeatherlyUITests.xctest; sourceTree = BUILT_PRODUCTS_DIR; };
		A13C4AB222BB2CD2007AB3E9 /* WeatherlyUITests.swift */ = {isa = PBXFileReference; lastKnownFileType = sourcecode.swift; path = WeatherlyUITests.swift; sourceTree = "<group>"; };
		A13C4AB422BB2CD2007AB3E9 /* Info.plist */ = {isa = PBXFileReference; lastKnownFileType = text.plist.xml; path = Info.plist; sourceTree = "<group>"; };
		A13C4AC922BB36F0007AB3E9 /* City.swift */ = {isa = PBXFileReference; lastKnownFileType = sourcecode.swift; path = City.swift; sourceTree = "<group>"; };
		A13C4AD522BB4266007AB3E9 /* city.list.json */ = {isa = PBXFileReference; fileEncoding = 4; lastKnownFileType = text.json; path = city.list.json; sourceTree = "<group>"; };
		A13C4AD822BB42AE007AB3E9 /* CityService.swift */ = {isa = PBXFileReference; fileEncoding = 4; lastKnownFileType = sourcecode.swift; path = CityService.swift; sourceTree = "<group>"; };
		A13C4ADB22BB433A007AB3E9 /* CityListViewModel.swift */ = {isa = PBXFileReference; fileEncoding = 4; lastKnownFileType = sourcecode.swift; path = CityListViewModel.swift; sourceTree = "<group>"; };
		B781984C1334F57C7539F7D0 /* Pods-WeatherlyUITests.release.xcconfig */ = {isa = PBXFileReference; includeInIndex = 1; lastKnownFileType = text.xcconfig; name = "Pods-WeatherlyUITests.release.xcconfig"; path = "Target Support Files/Pods-WeatherlyUITests/Pods-WeatherlyUITests.release.xcconfig"; sourceTree = "<group>"; };
		DF9D318207C11DE27A8EBD1F /* Pods-WeatherlyUITests.debug.xcconfig */ = {isa = PBXFileReference; includeInIndex = 1; lastKnownFileType = text.xcconfig; name = "Pods-WeatherlyUITests.debug.xcconfig"; path = "Target Support Files/Pods-WeatherlyUITests/Pods-WeatherlyUITests.debug.xcconfig"; sourceTree = "<group>"; };
/* End PBXFileReference section */

/* Begin PBXFrameworksBuildPhase section */
		A13C4A8A22BB2CD1007AB3E9 /* Frameworks */ = {
			isa = PBXFrameworksBuildPhase;
			buildActionMask = 2147483647;
			files = (
				48968CF7CEDFBCDDBC8968D8 /* Pods_Weatherly.framework in Frameworks */,
			);
			runOnlyForDeploymentPostprocessing = 0;
		};
		A13C4AA022BB2CD2007AB3E9 /* Frameworks */ = {
			isa = PBXFrameworksBuildPhase;
			buildActionMask = 2147483647;
			files = (
				A96B4F1CDFD20E03AEA741E3 /* Pods_WeatherlyTests.framework in Frameworks */,
			);
			runOnlyForDeploymentPostprocessing = 0;
		};
		A13C4AAB22BB2CD2007AB3E9 /* Frameworks */ = {
			isa = PBXFrameworksBuildPhase;
			buildActionMask = 2147483647;
			files = (
				380E12D0C2E32D217B7EAA46 /* Pods_WeatherlyUITests.framework in Frameworks */,
			);
			runOnlyForDeploymentPostprocessing = 0;
		};
/* End PBXFrameworksBuildPhase section */

/* Begin PBXGroup section */
		2F13420A844862DF28D922F6 /* Pods */ = {
			isa = PBXGroup;
			children = (
				52BC014A1EF9B4934BD4D9AA /* Pods-Weatherly.debug.xcconfig */,
				85C81011EC45E1AD8D5B231E /* Pods-Weatherly.release.xcconfig */,
				5D19CEF48C4230D7775BC1FC /* Pods-WeatherlyTests.debug.xcconfig */,
				216A01AC43863A5CA3F0DB09 /* Pods-WeatherlyTests.release.xcconfig */,
				DF9D318207C11DE27A8EBD1F /* Pods-WeatherlyUITests.debug.xcconfig */,
				B781984C1334F57C7539F7D0 /* Pods-WeatherlyUITests.release.xcconfig */,
			);
			path = Pods;
			sourceTree = "<group>";
		};
		A13C4A8422BB2CD1007AB3E9 = {
			isa = PBXGroup;
			children = (
				A13C4A8F22BB2CD1007AB3E9 /* Weatherly */,
				A13C4AA622BB2CD2007AB3E9 /* WeatherlyTests */,
				A13C4AB122BB2CD2007AB3E9 /* WeatherlyUITests */,
				A13C4A8E22BB2CD1007AB3E9 /* Products */,
				2F13420A844862DF28D922F6 /* Pods */,
				C18C33A3FE06157CAA62AB35 /* Frameworks */,
			);
			sourceTree = "<group>";
		};
		A13C4A8E22BB2CD1007AB3E9 /* Products */ = {
			isa = PBXGroup;
			children = (
				A13C4A8D22BB2CD1007AB3E9 /* Weatherly.app */,
				A13C4AA322BB2CD2007AB3E9 /* WeatherlyTests.xctest */,
				A13C4AAE22BB2CD2007AB3E9 /* WeatherlyUITests.xctest */,
			);
			name = Products;
			sourceTree = "<group>";
		};
		A13C4A8F22BB2CD1007AB3E9 /* Weatherly */ = {
			isa = PBXGroup;
			children = (
				A13C4ADA22BB433A007AB3E9 /* ViewModel */,
				A13C4AD722BB427D007AB3E9 /* Service */,
				A13C4AD522BB4266007AB3E9 /* city.list.json */,
				A13C4AC822BB35D4007AB3E9 /* Model */,
				A13C4A9022BB2CD1007AB3E9 /* AppDelegate.swift */,
				A13C4A9222BB2CD1007AB3E9 /* SceneDelegate.swift */,
				A13C4A9422BB2CD1007AB3E9 /* ContentView.swift */,
				A13C4A9622BB2CD2007AB3E9 /* Assets.xcassets */,
				A13C4A9B22BB2CD2007AB3E9 /* LaunchScreen.storyboard */,
				A13C4A9E22BB2CD2007AB3E9 /* Info.plist */,
				A13C4A9822BB2CD2007AB3E9 /* Preview Content */,
			);
			path = Weatherly;
			sourceTree = "<group>";
		};
		A13C4A9822BB2CD2007AB3E9 /* Preview Content */ = {
			isa = PBXGroup;
			children = (
				A13C4A9922BB2CD2007AB3E9 /* Preview Assets.xcassets */,
			);
			path = "Preview Content";
			sourceTree = "<group>";
		};
		A13C4AA622BB2CD2007AB3E9 /* WeatherlyTests */ = {
			isa = PBXGroup;
			children = (
				A13C4AA722BB2CD2007AB3E9 /* WeatherlyTests.swift */,
				A13C4AA922BB2CD2007AB3E9 /* Info.plist */,
			);
			path = WeatherlyTests;
			sourceTree = "<group>";
		};
		A13C4AB122BB2CD2007AB3E9 /* WeatherlyUITests */ = {
			isa = PBXGroup;
			children = (
				A13C4AB222BB2CD2007AB3E9 /* WeatherlyUITests.swift */,
				A13C4AB422BB2CD2007AB3E9 /* Info.plist */,
			);
			path = WeatherlyUITests;
			sourceTree = "<group>";
		};
		A13C4AC822BB35D4007AB3E9 /* Model */ = {
			isa = PBXGroup;
			children = (
				A13C4AC922BB36F0007AB3E9 /* City.swift */,
			);
			path = Model;
			sourceTree = "<group>";
		};
		A13C4AD722BB427D007AB3E9 /* Service */ = {
			isa = PBXGroup;
			children = (
				A13C4AD822BB42AE007AB3E9 /* CityService.swift */,
			);
			path = Service;
			sourceTree = "<group>";
		};
		A13C4ADA22BB433A007AB3E9 /* ViewModel */ = {
			isa = PBXGroup;
			children = (
				A13C4ADB22BB433A007AB3E9 /* CityListViewModel.swift */,
			);
			name = ViewModel;
			path = Weatherly/ViewModel;
			sourceTree = SOURCE_ROOT;
		};
		C18C33A3FE06157CAA62AB35 /* Frameworks */ = {
			isa = PBXGroup;
			children = (
				61CD21AD38713CDF86747056 /* Pods_Weatherly.framework */,
				4F783695254A961525455863 /* Pods_WeatherlyTests.framework */,
				4FC5F53010FAA106D454A83E /* Pods_WeatherlyUITests.framework */,
			);
			name = Frameworks;
			sourceTree = "<group>";
		};
/* End PBXGroup section */

/* Begin PBXNativeTarget section */
		A13C4A8C22BB2CD1007AB3E9 /* Weatherly */ = {
			isa = PBXNativeTarget;
			buildConfigurationList = A13C4AB722BB2CD2007AB3E9 /* Build configuration list for PBXNativeTarget "Weatherly" */;
			buildPhases = (
				1F6395889D6A9A8D4B617117 /* [CP] Check Pods Manifest.lock */,
				A13C4A8922BB2CD1007AB3E9 /* Sources */,
				A13C4A8A22BB2CD1007AB3E9 /* Frameworks */,
				A13C4A8B22BB2CD1007AB3E9 /* Resources */,
				BA59475DB8A688B9FDEFB825 /* [CP] Embed Pods Frameworks */,
			);
			buildRules = (
			);
			dependencies = (
			);
			name = Weatherly;
			productName = Weatherly;
			productReference = A13C4A8D22BB2CD1007AB3E9 /* Weatherly.app */;
			productType = "com.apple.product-type.application";
		};
		A13C4AA222BB2CD2007AB3E9 /* WeatherlyTests */ = {
			isa = PBXNativeTarget;
			buildConfigurationList = A13C4ABA22BB2CD2007AB3E9 /* Build configuration list for PBXNativeTarget "WeatherlyTests" */;
			buildPhases = (
				18080652863BED01B51307A0 /* [CP] Check Pods Manifest.lock */,
				A13C4A9F22BB2CD2007AB3E9 /* Sources */,
				A13C4AA022BB2CD2007AB3E9 /* Frameworks */,
				A13C4AA122BB2CD2007AB3E9 /* Resources */,
			);
			buildRules = (
			);
			dependencies = (
				A13C4AA522BB2CD2007AB3E9 /* PBXTargetDependency */,
			);
			name = WeatherlyTests;
			productName = WeatherlyTests;
			productReference = A13C4AA322BB2CD2007AB3E9 /* WeatherlyTests.xctest */;
			productType = "com.apple.product-type.bundle.unit-test";
		};
		A13C4AAD22BB2CD2007AB3E9 /* WeatherlyUITests */ = {
			isa = PBXNativeTarget;
			buildConfigurationList = A13C4ABD22BB2CD2007AB3E9 /* Build configuration list for PBXNativeTarget "WeatherlyUITests" */;
			buildPhases = (
				C33AE6B16E72B006CC02D41E /* [CP] Check Pods Manifest.lock */,
				A13C4AAA22BB2CD2007AB3E9 /* Sources */,
				A13C4AAB22BB2CD2007AB3E9 /* Frameworks */,
				A13C4AAC22BB2CD2007AB3E9 /* Resources */,
			);
			buildRules = (
			);
			dependencies = (
				A13C4AB022BB2CD2007AB3E9 /* PBXTargetDependency */,
			);
			name = WeatherlyUITests;
			productName = WeatherlyUITests;
			productReference = A13C4AAE22BB2CD2007AB3E9 /* WeatherlyUITests.xctest */;
			productType = "com.apple.product-type.bundle.ui-testing";
		};
/* End PBXNativeTarget section */

/* Begin PBXProject section */
		A13C4A8522BB2CD1007AB3E9 /* Project object */ = {
			isa = PBXProject;
			attributes = {
				LastSwiftUpdateCheck = 1100;
				LastUpgradeCheck = 1100;
				ORGANIZATIONNAME = Kairos;
				TargetAttributes = {
					A13C4A8C22BB2CD1007AB3E9 = {
						CreatedOnToolsVersion = 11.0;
					};
					A13C4AA222BB2CD2007AB3E9 = {
						CreatedOnToolsVersion = 11.0;
						TestTargetID = A13C4A8C22BB2CD1007AB3E9;
					};
					A13C4AAD22BB2CD2007AB3E9 = {
						CreatedOnToolsVersion = 11.0;
						TestTargetID = A13C4A8C22BB2CD1007AB3E9;
					};
				};
			};
			buildConfigurationList = A13C4A8822BB2CD1007AB3E9 /* Build configuration list for PBXProject "Weatherly" */;
			compatibilityVersion = "Xcode 9.3";
			developmentRegion = en;
			hasScannedForEncodings = 0;
			knownRegions = (
				en,
				Base,
			);
			mainGroup = A13C4A8422BB2CD1007AB3E9;
			productRefGroup = A13C4A8E22BB2CD1007AB3E9 /* Products */;
			projectDirPath = "";
			projectRoot = "";
			targets = (
				A13C4A8C22BB2CD1007AB3E9 /* Weatherly */,
				A13C4AA222BB2CD2007AB3E9 /* WeatherlyTests */,
				A13C4AAD22BB2CD2007AB3E9 /* WeatherlyUITests */,
			);
		};
/* End PBXProject section */

/* Begin PBXResourcesBuildPhase section */
		A13C4A8B22BB2CD1007AB3E9 /* Resources */ = {
			isa = PBXResourcesBuildPhase;
			buildActionMask = 2147483647;
			files = (
				A13C4A9D22BB2CD2007AB3E9 /* LaunchScreen.storyboard in Resources */,
				A13C4AD622BB4266007AB3E9 /* city.list.json in Resources */,
				A13C4A9A22BB2CD2007AB3E9 /* Preview Assets.xcassets in Resources */,
				A13C4A9722BB2CD2007AB3E9 /* Assets.xcassets in Resources */,
			);
			runOnlyForDeploymentPostprocessing = 0;
		};
		A13C4AA122BB2CD2007AB3E9 /* Resources */ = {
			isa = PBXResourcesBuildPhase;
			buildActionMask = 2147483647;
			files = (
			);
			runOnlyForDeploymentPostprocessing = 0;
		};
		A13C4AAC22BB2CD2007AB3E9 /* Resources */ = {
			isa = PBXResourcesBuildPhase;
			buildActionMask = 2147483647;
			files = (
			);
			runOnlyForDeploymentPostprocessing = 0;
		};
/* End PBXResourcesBuildPhase section */

/* Begin PBXShellScriptBuildPhase section */
		18080652863BED01B51307A0 /* [CP] Check Pods Manifest.lock */ = {
			isa = PBXShellScriptBuildPhase;
			buildActionMask = 2147483647;
			files = (
			);
			inputFileListPaths = (
			);
			inputPaths = (
				"${PODS_PODFILE_DIR_PATH}/Podfile.lock",
				"${PODS_ROOT}/Manifest.lock",
			);
			name = "[CP] Check Pods Manifest.lock";
			outputFileListPaths = (
			);
			outputPaths = (
				"$(DERIVED_FILE_DIR)/Pods-WeatherlyTests-checkManifestLockResult.txt",
			);
			runOnlyForDeploymentPostprocessing = 0;
			shellPath = /bin/sh;
			shellScript = "diff \"${PODS_PODFILE_DIR_PATH}/Podfile.lock\" \"${PODS_ROOT}/Manifest.lock\" > /dev/null\nif [ $? != 0 ] ; then\n    # print error to STDERR\n    echo \"error: The sandbox is not in sync with the Podfile.lock. Run 'pod install' or update your CocoaPods installation.\" >&2\n    exit 1\nfi\n# This output is used by Xcode 'outputs' to avoid re-running this script phase.\necho \"SUCCESS\" > \"${SCRIPT_OUTPUT_FILE_0}\"\n";
			showEnvVarsInLog = 0;
		};
		1F6395889D6A9A8D4B617117 /* [CP] Check Pods Manifest.lock */ = {
			isa = PBXShellScriptBuildPhase;
			buildActionMask = 2147483647;
			files = (
			);
			inputFileListPaths = (
			);
			inputPaths = (
				"${PODS_PODFILE_DIR_PATH}/Podfile.lock",
				"${PODS_ROOT}/Manifest.lock",
			);
			name = "[CP] Check Pods Manifest.lock";
			outputFileListPaths = (
			);
			outputPaths = (
				"$(DERIVED_FILE_DIR)/Pods-Weatherly-checkManifestLockResult.txt",
			);
			runOnlyForDeploymentPostprocessing = 0;
			shellPath = /bin/sh;
			shellScript = "diff \"${PODS_PODFILE_DIR_PATH}/Podfile.lock\" \"${PODS_ROOT}/Manifest.lock\" > /dev/null\nif [ $? != 0 ] ; then\n    # print error to STDERR\n    echo \"error: The sandbox is not in sync with the Podfile.lock. Run 'pod install' or update your CocoaPods installation.\" >&2\n    exit 1\nfi\n# This output is used by Xcode 'outputs' to avoid re-running this script phase.\necho \"SUCCESS\" > \"${SCRIPT_OUTPUT_FILE_0}\"\n";
			showEnvVarsInLog = 0;
		};
		BA59475DB8A688B9FDEFB825 /* [CP] Embed Pods Frameworks */ = {
			isa = PBXShellScriptBuildPhase;
			buildActionMask = 2147483647;
			files = (
			);
			inputFileListPaths = (
				"${PODS_ROOT}/Target Support Files/Pods-Weatherly/Pods-Weatherly-frameworks-${CONFIGURATION}-input-files.xcfilelist",
			);
			name = "[CP] Embed Pods Frameworks";
			outputFileListPaths = (
				"${PODS_ROOT}/Target Support Files/Pods-Weatherly/Pods-Weatherly-frameworks-${CONFIGURATION}-output-files.xcfilelist",
			);
			runOnlyForDeploymentPostprocessing = 0;
			shellPath = /bin/sh;
			shellScript = "\"${PODS_ROOT}/Target Support Files/Pods-Weatherly/Pods-Weatherly-frameworks.sh\"\n";
			showEnvVarsInLog = 0;
		};
		C33AE6B16E72B006CC02D41E /* [CP] Check Pods Manifest.lock */ = {
			isa = PBXShellScriptBuildPhase;
			buildActionMask = 2147483647;
			files = (
			);
			inputFileListPaths = (
			);
			inputPaths = (
				"${PODS_PODFILE_DIR_PATH}/Podfile.lock",
				"${PODS_ROOT}/Manifest.lock",
			);
			name = "[CP] Check Pods Manifest.lock";
			outputFileListPaths = (
			);
			outputPaths = (
				"$(DERIVED_FILE_DIR)/Pods-WeatherlyUITests-checkManifestLockResult.txt",
			);
			runOnlyForDeploymentPostprocessing = 0;
			shellPath = /bin/sh;
			shellScript = "diff \"${PODS_PODFILE_DIR_PATH}/Podfile.lock\" \"${PODS_ROOT}/Manifest.lock\" > /dev/null\nif [ $? != 0 ] ; then\n    # print error to STDERR\n    echo \"error: The sandbox is not in sync with the Podfile.lock. Run 'pod install' or update your CocoaPods installation.\" >&2\n    exit 1\nfi\n# This output is used by Xcode 'outputs' to avoid re-running this script phase.\necho \"SUCCESS\" > \"${SCRIPT_OUTPUT_FILE_0}\"\n";
			showEnvVarsInLog = 0;
		};
/* End PBXShellScriptBuildPhase section */

/* Begin PBXSourcesBuildPhase section */
		A13C4A8922BB2CD1007AB3E9 /* Sources */ = {
			isa = PBXSourcesBuildPhase;
			buildActionMask = 2147483647;
			files = (
				A13C4AD922BB42AE007AB3E9 /* CityService.swift in Sources */,
				A13C4A9122BB2CD1007AB3E9 /* AppDelegate.swift in Sources */,
				A13C4A9322BB2CD1007AB3E9 /* SceneDelegate.swift in Sources */,
				A13C4ADC22BB433A007AB3E9 /* CityListViewModel.swift in Sources */,
				A13C4ACA22BB36F0007AB3E9 /* City.swift in Sources */,
				A13C4A9522BB2CD1007AB3E9 /* ContentView.swift in Sources */,
			);
			runOnlyForDeploymentPostprocessing = 0;
		};
		A13C4A9F22BB2CD2007AB3E9 /* Sources */ = {
			isa = PBXSourcesBuildPhase;
			buildActionMask = 2147483647;
			files = (
				A13C4AA822BB2CD2007AB3E9 /* WeatherlyTests.swift in Sources */,
			);
			runOnlyForDeploymentPostprocessing = 0;
		};
		A13C4AAA22BB2CD2007AB3E9 /* Sources */ = {
			isa = PBXSourcesBuildPhase;
			buildActionMask = 2147483647;
			files = (
				A13C4AB322BB2CD2007AB3E9 /* WeatherlyUITests.swift in Sources */,
			);
			runOnlyForDeploymentPostprocessing = 0;
		};
/* End PBXSourcesBuildPhase section */

/* Begin PBXTargetDependency section */
		A13C4AA522BB2CD2007AB3E9 /* PBXTargetDependency */ = {
			isa = PBXTargetDependency;
			target = A13C4A8C22BB2CD1007AB3E9 /* Weatherly */;
			targetProxy = A13C4AA422BB2CD2007AB3E9 /* PBXContainerItemProxy */;
		};
		A13C4AB022BB2CD2007AB3E9 /* PBXTargetDependency */ = {
			isa = PBXTargetDependency;
			target = A13C4A8C22BB2CD1007AB3E9 /* Weatherly */;
			targetProxy = A13C4AAF22BB2CD2007AB3E9 /* PBXContainerItemProxy */;
		};
/* End PBXTargetDependency section */

/* Begin PBXVariantGroup section */
		A13C4A9B22BB2CD2007AB3E9 /* LaunchScreen.storyboard */ = {
			isa = PBXVariantGroup;
			children = (
				A13C4A9C22BB2CD2007AB3E9 /* Base */,
			);
			name = LaunchScreen.storyboard;
			sourceTree = "<group>";
		};
/* End PBXVariantGroup section */

/* Begin XCBuildConfiguration section */
		A13C4AB522BB2CD2007AB3E9 /* Debug */ = {
			isa = XCBuildConfiguration;
			buildSettings = {
				ALWAYS_SEARCH_USER_PATHS = NO;
				CLANG_ANALYZER_NONNULL = YES;
				CLANG_ANALYZER_NUMBER_OBJECT_CONVERSION = YES_AGGRESSIVE;
				CLANG_CXX_LANGUAGE_STANDARD = "gnu++14";
				CLANG_CXX_LIBRARY = "libc++";
				CLANG_ENABLE_MODULES = YES;
				CLANG_ENABLE_OBJC_ARC = YES;
				CLANG_ENABLE_OBJC_WEAK = YES;
				CLANG_WARN_BLOCK_CAPTURE_AUTORELEASING = YES;
				CLANG_WARN_BOOL_CONVERSION = YES;
				CLANG_WARN_COMMA = YES;
				CLANG_WARN_CONSTANT_CONVERSION = YES;
				CLANG_WARN_DEPRECATED_OBJC_IMPLEMENTATIONS = YES;
				CLANG_WARN_DIRECT_OBJC_ISA_USAGE = YES_ERROR;
				CLANG_WARN_DOCUMENTATION_COMMENTS = YES;
				CLANG_WARN_EMPTY_BODY = YES;
				CLANG_WARN_ENUM_CONVERSION = YES;
				CLANG_WARN_INFINITE_RECURSION = YES;
				CLANG_WARN_INT_CONVERSION = YES;
				CLANG_WARN_NON_LITERAL_NULL_CONVERSION = YES;
				CLANG_WARN_OBJC_IMPLICIT_RETAIN_SELF = YES;
				CLANG_WARN_OBJC_LITERAL_CONVERSION = YES;
				CLANG_WARN_OBJC_ROOT_CLASS = YES_ERROR;
				CLANG_WARN_RANGE_LOOP_ANALYSIS = YES;
				CLANG_WARN_STRICT_PROTOTYPES = YES;
				CLANG_WARN_SUSPICIOUS_MOVE = YES;
				CLANG_WARN_UNGUARDED_AVAILABILITY = YES_AGGRESSIVE;
				CLANG_WARN_UNREACHABLE_CODE = YES;
				CLANG_WARN__DUPLICATE_METHOD_MATCH = YES;
				COPY_PHASE_STRIP = NO;
				DEBUG_INFORMATION_FORMAT = dwarf;
				ENABLE_STRICT_OBJC_MSGSEND = YES;
				ENABLE_TESTABILITY = YES;
				GCC_C_LANGUAGE_STANDARD = gnu11;
				GCC_DYNAMIC_NO_PIC = NO;
				GCC_NO_COMMON_BLOCKS = YES;
				GCC_OPTIMIZATION_LEVEL = 0;
				GCC_PREPROCESSOR_DEFINITIONS = (
					"DEBUG=1",
					"$(inherited)",
				);
				GCC_WARN_64_TO_32_BIT_CONVERSION = YES;
				GCC_WARN_ABOUT_RETURN_TYPE = YES_ERROR;
				GCC_WARN_UNDECLARED_SELECTOR = YES;
				GCC_WARN_UNINITIALIZED_AUTOS = YES_AGGRESSIVE;
				GCC_WARN_UNUSED_FUNCTION = YES;
				GCC_WARN_UNUSED_VARIABLE = YES;
				IPHONEOS_DEPLOYMENT_TARGET = 13.0;
				MTL_ENABLE_DEBUG_INFO = INCLUDE_SOURCE;
				MTL_FAST_MATH = YES;
				ONLY_ACTIVE_ARCH = YES;
				SDKROOT = iphoneos;
				SWIFT_ACTIVE_COMPILATION_CONDITIONS = DEBUG;
				SWIFT_OPTIMIZATION_LEVEL = "-Onone";
			};
			name = Debug;
		};
		A13C4AB622BB2CD2007AB3E9 /* Release */ = {
			isa = XCBuildConfiguration;
			buildSettings = {
				ALWAYS_SEARCH_USER_PATHS = NO;
				CLANG_ANALYZER_NONNULL = YES;
				CLANG_ANALYZER_NUMBER_OBJECT_CONVERSION = YES_AGGRESSIVE;
				CLANG_CXX_LANGUAGE_STANDARD = "gnu++14";
				CLANG_CXX_LIBRARY = "libc++";
				CLANG_ENABLE_MODULES = YES;
				CLANG_ENABLE_OBJC_ARC = YES;
				CLANG_ENABLE_OBJC_WEAK = YES;
				CLANG_WARN_BLOCK_CAPTURE_AUTORELEASING = YES;
				CLANG_WARN_BOOL_CONVERSION = YES;
				CLANG_WARN_COMMA = YES;
				CLANG_WARN_CONSTANT_CONVERSION = YES;
				CLANG_WARN_DEPRECATED_OBJC_IMPLEMENTATIONS = YES;
				CLANG_WARN_DIRECT_OBJC_ISA_USAGE = YES_ERROR;
				CLANG_WARN_DOCUMENTATION_COMMENTS = YES;
				CLANG_WARN_EMPTY_BODY = YES;
				CLANG_WARN_ENUM_CONVERSION = YES;
				CLANG_WARN_INFINITE_RECURSION = YES;
				CLANG_WARN_INT_CONVERSION = YES;
				CLANG_WARN_NON_LITERAL_NULL_CONVERSION = YES;
				CLANG_WARN_OBJC_IMPLICIT_RETAIN_SELF = YES;
				CLANG_WARN_OBJC_LITERAL_CONVERSION = YES;
				CLANG_WARN_OBJC_ROOT_CLASS = YES_ERROR;
				CLANG_WARN_RANGE_LOOP_ANALYSIS = YES;
				CLANG_WARN_STRICT_PROTOTYPES = YES;
				CLANG_WARN_SUSPICIOUS_MOVE = YES;
				CLANG_WARN_UNGUARDED_AVAILABILITY = YES_AGGRESSIVE;
				CLANG_WARN_UNREACHABLE_CODE = YES;
				CLANG_WARN__DUPLICATE_METHOD_MATCH = YES;
				COPY_PHASE_STRIP = NO;
				DEBUG_INFORMATION_FORMAT = "dwarf-with-dsym";
				ENABLE_NS_ASSERTIONS = NO;
				ENABLE_STRICT_OBJC_MSGSEND = YES;
				GCC_C_LANGUAGE_STANDARD = gnu11;
				GCC_NO_COMMON_BLOCKS = YES;
				GCC_WARN_64_TO_32_BIT_CONVERSION = YES;
				GCC_WARN_ABOUT_RETURN_TYPE = YES_ERROR;
				GCC_WARN_UNDECLARED_SELECTOR = YES;
				GCC_WARN_UNINITIALIZED_AUTOS = YES_AGGRESSIVE;
				GCC_WARN_UNUSED_FUNCTION = YES;
				GCC_WARN_UNUSED_VARIABLE = YES;
				IPHONEOS_DEPLOYMENT_TARGET = 13.0;
				MTL_ENABLE_DEBUG_INFO = NO;
				MTL_FAST_MATH = YES;
				SDKROOT = iphoneos;
				SWIFT_COMPILATION_MODE = wholemodule;
				SWIFT_OPTIMIZATION_LEVEL = "-O";
				VALIDATE_PRODUCT = YES;
			};
			name = Release;
		};
		A13C4AB822BB2CD2007AB3E9 /* Debug */ = {
			isa = XCBuildConfiguration;
			baseConfigurationReference = 52BC014A1EF9B4934BD4D9AA /* Pods-Weatherly.debug.xcconfig */;
			buildSettings = {
				ASSETCATALOG_COMPILER_APPICON_NAME = AppIcon;
				CODE_SIGN_STYLE = Automatic;
				DEVELOPMENT_ASSET_PATHS = "Weatherly/Preview\\ Content";
				DEVELOPMENT_TEAM = G27V65K8EK;
				ENABLE_PREVIEWS = YES;
				INFOPLIST_FILE = Weatherly/Info.plist;
				LD_RUNPATH_SEARCH_PATHS = (
					"$(inherited)",
					"@executable_path/Frameworks",
				);
				PRODUCT_BUNDLE_IDENTIFIER = org.kairos.Weatherly;
				PRODUCT_NAME = "$(TARGET_NAME)";
				SWIFT_VERSION = 5.0;
				TARGETED_DEVICE_FAMILY = "1,2";
			};
			name = Debug;
		};
		A13C4AB922BB2CD2007AB3E9 /* Release */ = {
			isa = XCBuildConfiguration;
			baseConfigurationReference = 85C81011EC45E1AD8D5B231E /* Pods-Weatherly.release.xcconfig */;
			buildSettings = {
				ASSETCATALOG_COMPILER_APPICON_NAME = AppIcon;
				CODE_SIGN_STYLE = Automatic;
				DEVELOPMENT_ASSET_PATHS = "Weatherly/Preview\\ Content";
				DEVELOPMENT_TEAM = G27V65K8EK;
				ENABLE_PREVIEWS = YES;
				INFOPLIST_FILE = Weatherly/Info.plist;
				LD_RUNPATH_SEARCH_PATHS = (
					"$(inherited)",
					"@executable_path/Frameworks",
				);
				PRODUCT_BUNDLE_IDENTIFIER = org.kairos.Weatherly;
				PRODUCT_NAME = "$(TARGET_NAME)";
				SWIFT_VERSION = 5.0;
				TARGETED_DEVICE_FAMILY = "1,2";
			};
			name = Release;
		};
		A13C4ABB22BB2CD2007AB3E9 /* Debug */ = {
			isa = XCBuildConfiguration;
			baseConfigurationReference = 5D19CEF48C4230D7775BC1FC /* Pods-WeatherlyTests.debug.xcconfig */;
			buildSettings = {
				ALWAYS_EMBED_SWIFT_STANDARD_LIBRARIES = YES;
				BUNDLE_LOADER = "$(TEST_HOST)";
				CODE_SIGN_STYLE = Automatic;
				DEVELOPMENT_TEAM = G27V65K8EK;
				INFOPLIST_FILE = WeatherlyTests/Info.plist;
				LD_RUNPATH_SEARCH_PATHS = (
					"$(inherited)",
					"@executable_path/Frameworks",
					"@loader_path/Frameworks",
				);
				PRODUCT_BUNDLE_IDENTIFIER = org.kairos.WeatherlyTests;
				PRODUCT_NAME = "$(TARGET_NAME)";
				SWIFT_VERSION = 5.0;
				TARGETED_DEVICE_FAMILY = "1,2";
				TEST_HOST = "$(BUILT_PRODUCTS_DIR)/Weatherly.app/Weatherly";
			};
			name = Debug;
		};
		A13C4ABC22BB2CD2007AB3E9 /* Release */ = {
			isa = XCBuildConfiguration;
			baseConfigurationReference = 216A01AC43863A5CA3F0DB09 /* Pods-WeatherlyTests.release.xcconfig */;
			buildSettings = {
				ALWAYS_EMBED_SWIFT_STANDARD_LIBRARIES = YES;
				BUNDLE_LOADER = "$(TEST_HOST)";
				CODE_SIGN_STYLE = Automatic;
				DEVELOPMENT_TEAM = G27V65K8EK;
				INFOPLIST_FILE = WeatherlyTests/Info.plist;
				LD_RUNPATH_SEARCH_PATHS = (
					"$(inherited)",
					"@executable_path/Frameworks",
					"@loader_path/Frameworks",
				);
				PRODUCT_BUNDLE_IDENTIFIER = org.kairos.WeatherlyTests;
				PRODUCT_NAME = "$(TARGET_NAME)";
				SWIFT_VERSION = 5.0;
				TARGETED_DEVICE_FAMILY = "1,2";
				TEST_HOST = "$(BUILT_PRODUCTS_DIR)/Weatherly.app/Weatherly";
			};
			name = Release;
		};
		A13C4ABE22BB2CD2007AB3E9 /* Debug */ = {
			isa = XCBuildConfiguration;
			baseConfigurationReference = DF9D318207C11DE27A8EBD1F /* Pods-WeatherlyUITests.debug.xcconfig */;
			buildSettings = {
				ALWAYS_EMBED_SWIFT_STANDARD_LIBRARIES = YES;
				CODE_SIGN_STYLE = Automatic;
				DEVELOPMENT_TEAM = G27V65K8EK;
				INFOPLIST_FILE = WeatherlyUITests/Info.plist;
				LD_RUNPATH_SEARCH_PATHS = (
					"$(inherited)",
					"@executable_path/Frameworks",
					"@loader_path/Frameworks",
				);
				PRODUCT_BUNDLE_IDENTIFIER = org.kairos.WeatherlyUITests;
				PRODUCT_NAME = "$(TARGET_NAME)";
				SWIFT_VERSION = 5.0;
				TARGETED_DEVICE_FAMILY = "1,2";
				TEST_TARGET_NAME = Weatherly;
			};
			name = Debug;
		};
		A13C4ABF22BB2CD2007AB3E9 /* Release */ = {
			isa = XCBuildConfiguration;
			baseConfigurationReference = B781984C1334F57C7539F7D0 /* Pods-WeatherlyUITests.release.xcconfig */;
			buildSettings = {
				ALWAYS_EMBED_SWIFT_STANDARD_LIBRARIES = YES;
				CODE_SIGN_STYLE = Automatic;
				DEVELOPMENT_TEAM = G27V65K8EK;
				INFOPLIST_FILE = WeatherlyUITests/Info.plist;
				LD_RUNPATH_SEARCH_PATHS = (
					"$(inherited)",
					"@executable_path/Frameworks",
					"@loader_path/Frameworks",
				);
				PRODUCT_BUNDLE_IDENTIFIER = org.kairos.WeatherlyUITests;
				PRODUCT_NAME = "$(TARGET_NAME)";
				SWIFT_VERSION = 5.0;
				TARGETED_DEVICE_FAMILY = "1,2";
				TEST_TARGET_NAME = Weatherly;
			};
			name = Release;
		};
/* End XCBuildConfiguration section */

/* Begin XCConfigurationList section */
		A13C4A8822BB2CD1007AB3E9 /* Build configuration list for PBXProject "Weatherly" */ = {
			isa = XCConfigurationList;
			buildConfigurations = (
				A13C4AB522BB2CD2007AB3E9 /* Debug */,
				A13C4AB622BB2CD2007AB3E9 /* Release */,
			);
			defaultConfigurationIsVisible = 0;
			defaultConfigurationName = Release;
		};
		A13C4AB722BB2CD2007AB3E9 /* Build configuration list for PBXNativeTarget "Weatherly" */ = {
			isa = XCConfigurationList;
			buildConfigurations = (
				A13C4AB822BB2CD2007AB3E9 /* Debug */,
				A13C4AB922BB2CD2007AB3E9 /* Release */,
			);
			defaultConfigurationIsVisible = 0;
			defaultConfigurationName = Release;
		};
		A13C4ABA22BB2CD2007AB3E9 /* Build configuration list for PBXNativeTarget "WeatherlyTests" */ = {
			isa = XCConfigurationList;
			buildConfigurations = (
				A13C4ABB22BB2CD2007AB3E9 /* Debug */,
				A13C4ABC22BB2CD2007AB3E9 /* Release */,
			);
			defaultConfigurationIsVisible = 0;
			defaultConfigurationName = Release;
		};
		A13C4ABD22BB2CD2007AB3E9 /* Build configuration list for PBXNativeTarget "WeatherlyUITests" */ = {
			isa = XCConfigurationList;
			buildConfigurations = (
				A13C4ABE22BB2CD2007AB3E9 /* Debug */,
				A13C4ABF22BB2CD2007AB3E9 /* Release */,
			);
			defaultConfigurationIsVisible = 0;
			defaultConfigurationName = Release;
		};
/* End XCConfigurationList section */
	};
	rootObject = A13C4A8522BB2CD1007AB3E9 /* Project object */;
}
